{
    "version": 3,
    "terraform_version": "0.11.13",
    "serial": 2,
    "lineage": "9313af06-9c63-4d2c-cca7-81acf7fee0f8",
    "modules": [
        {
            "path": [
                "root"
            ],
            "outputs": {},
            "resources": {
                "google_compute_instance.default.0": {
                    "type": "google_compute_instance",
                    "depends_on": [],
                    "primary": {
                        "id": "automated-vm-1",
                        "attributes": {
                            "attached_disk.#": "0",
                            "boot_disk.#": "1",
                            "boot_disk.0.auto_delete": "true",
                            "boot_disk.0.device_name": "persistent-disk-0",
                            "boot_disk.0.disk_encryption_key_raw": "",
                            "boot_disk.0.disk_encryption_key_sha256": "",
                            "boot_disk.0.initialize_params.#": "1",
                            "boot_disk.0.initialize_params.0.image": "https://www.googleapis.com/compute/v1/projects/centos-cloud/global/images/centos-7-v20200420",
                            "boot_disk.0.initialize_params.0.labels.%": "0",
                            "boot_disk.0.initialize_params.0.size": "20",
                            "boot_disk.0.initialize_params.0.type": "pd-standard",
                            "boot_disk.0.kms_key_self_link": "",
                            "boot_disk.0.mode": "READ_WRITE",
                            "boot_disk.0.source": "https://www.googleapis.com/compute/v1/projects/trail-instance/zones/us-central1-a/disks/automated-vm-1",
                            "can_ip_forward": "false",
                            "cpu_platform": "Intel Haswell",
                            "deletion_protection": "false",
                            "description": "",
                            "enable_display": "false",
                            "guest_accelerator.#": "0",
                            "hostname": "",
                            "id": "automated-vm-1",
                            "instance_id": "2913713632595212796",
                            "label_fingerprint": "42WmSpB8rSM=",
                            "labels.%": "0",
                            "machine_type": "f1-micro",
                            "metadata.%": "1",
                            "metadata.ssh-keys": "user1:ssh-rsa AAAAB3NzaC1yc2EAAAADAQABAAABAQC3+O+otlCel2x8b46pzeoZnC32B11Zmq9uskhc2vjVmnlRG3elErnYuNbQhsmbZ7wydtUxHobkO2rHFasYrCFOk3xzVOoIzHoSZY2kx4Q9Lv1tLokkjSKPLEzm+roIIIjiTW+JY3Ad92M65UOKBbFioywiPOoj5Kt9sgyny/aR93+Be+jEgO4HoVsupnPcHRQBqKccX5yJoOvgW9+47M1rN4tO33cynHS+uSFNDw2E/45Y44DFgOxOSzKpNdobExvl+PfmobWw5nrCUpJivEnfQ+z3guLpN8Yn4xV+ssiqV0sqGa3oM69JA6VXG+spJOIDtj3Q5Pp589gT8l+/d//R user1@t-with-j\n",
                            "metadata_fingerprint": "AyD4aexSRBQ=",
                            "metadata_startup_script": "",
                            "min_cpu_platform": "",
                            "name": "automated-vm-1",
                            "network_interface.#": "1",
                            "network_interface.0.access_config.#": "1",
                            "network_interface.0.access_config.0.assigned_nat_ip": "",
                            "network_interface.0.access_config.0.nat_ip": "35.225.126.142",
                            "network_interface.0.access_config.0.network_tier": "PREMIUM",
                            "network_interface.0.access_config.0.public_ptr_domain_name": "",
                            "network_interface.0.address": "",
                            "network_interface.0.alias_ip_range.#": "0",
                            "network_interface.0.name": "nic0",
                            "network_interface.0.network": "https://www.googleapis.com/compute/v1/projects/trail-instance/global/networks/default",
                            "network_interface.0.network_ip": "10.128.15.218",
                            "network_interface.0.subnetwork": "https://www.googleapis.com/compute/v1/projects/trail-instance/regions/us-central1/subnetworks/default",
                            "network_interface.0.subnetwork_project": "trail-instance",
                            "project": "trail-instance",
                            "scheduling.#": "1",
                            "scheduling.0.automatic_restart": "true",
                            "scheduling.0.node_affinities.#": "0",
                            "scheduling.0.on_host_maintenance": "MIGRATE",
                            "scheduling.0.preemptible": "false",
                            "scratch_disk.#": "0",
                            "self_link": "https://www.googleapis.com/compute/v1/projects/trail-instance/zones/us-central1-a/instances/automated-vm-1",
                            "service_account.#": "0",
                            "shielded_instance_config.#": "1",
                            "shielded_instance_config.0.enable_integrity_monitoring": "true",
                            "shielded_instance_config.0.enable_secure_boot": "false",
                            "shielded_instance_config.0.enable_vtpm": "true",
                            "tags.#": "1",
                            "tags.988335155": "http-server",
                            "tags_fingerprint": "FYLDgkTKlA4=",
                            "zone": "us-central1-a"
                        },
                        "meta": {
                            "e2bfb730-ecaa-11e6-8f88-34363bc7c4c0": {
                                "create": 1200000000000,
                                "delete": 1200000000000,
                                "update": 1200000000000
                            },
                            "schema_version": "6"
                        },
                        "tainted": false
                    },
                    "deposed": [],
                    "provider": "provider.google"
                },
                "google_compute_instance.default.1": {
                    "type": "google_compute_instance",
                    "depends_on": [],
                    "primary": {
                        "id": "automated-vm-2",
                        "attributes": {
                            "attached_disk.#": "0",
                            "boot_disk.#": "1",
                            "boot_disk.0.auto_delete": "true",
                            "boot_disk.0.device_name": "persistent-disk-0",
                            "boot_disk.0.disk_encryption_key_raw": "",
                            "boot_disk.0.disk_encryption_key_sha256": "",
                            "boot_disk.0.initialize_params.#": "1",
                            "boot_disk.0.initialize_params.0.image": "https://www.googleapis.com/compute/v1/projects/centos-cloud/global/images/centos-7-v20200420",
                            "boot_disk.0.initialize_params.0.labels.%": "0",
                            "boot_disk.0.initialize_params.0.size": "20",
                            "boot_disk.0.initialize_params.0.type": "pd-standard",
                            "boot_disk.0.kms_key_self_link": "",
                            "boot_disk.0.mode": "READ_WRITE",
                            "boot_disk.0.source": "https://www.googleapis.com/compute/v1/projects/trail-instance/zones/us-central1-a/disks/automated-vm-2",
                            "can_ip_forward": "false",
                            "cpu_platform": "Intel Haswell",
                            "deletion_protection": "false",
                            "description": "",
                            "enable_display": "false",
                            "guest_accelerator.#": "0",
                            "hostname": "",
                            "id": "automated-vm-2",
                            "instance_id": "1655036130351708668",
                            "label_fingerprint": "42WmSpB8rSM=",
                            "labels.%": "0",
                            "machine_type": "f1-micro",
                            "metadata.%": "1",
                            "metadata.ssh-keys": "user1:ssh-rsa AAAAB3NzaC1yc2EAAAADAQABAAABAQC3+O+otlCel2x8b46pzeoZnC32B11Zmq9uskhc2vjVmnlRG3elErnYuNbQhsmbZ7wydtUxHobkO2rHFasYrCFOk3xzVOoIzHoSZY2kx4Q9Lv1tLokkjSKPLEzm+roIIIjiTW+JY3Ad92M65UOKBbFioywiPOoj5Kt9sgyny/aR93+Be+jEgO4HoVsupnPcHRQBqKccX5yJoOvgW9+47M1rN4tO33cynHS+uSFNDw2E/45Y44DFgOxOSzKpNdobExvl+PfmobWw5nrCUpJivEnfQ+z3guLpN8Yn4xV+ssiqV0sqGa3oM69JA6VXG+spJOIDtj3Q5Pp589gT8l+/d//R user1@t-with-j\n",
                            "metadata_fingerprint": "AyD4aexSRBQ=",
                            "metadata_startup_script": "",
                            "min_cpu_platform": "",
                            "name": "automated-vm-2",
                            "network_interface.#": "1",
                            "network_interface.0.access_config.#": "1",
                            "network_interface.0.access_config.0.assigned_nat_ip": "",
                            "network_interface.0.access_config.0.nat_ip": "35.202.228.60",
                            "network_interface.0.access_config.0.network_tier": "PREMIUM",
                            "network_interface.0.access_config.0.public_ptr_domain_name": "",
                            "network_interface.0.address": "",
                            "network_interface.0.alias_ip_range.#": "0",
                            "network_interface.0.name": "nic0",
                            "network_interface.0.network": "https://www.googleapis.com/compute/v1/projects/trail-instance/global/networks/default",
                            "network_interface.0.network_ip": "10.128.15.219",
                            "network_interface.0.subnetwork": "https://www.googleapis.com/compute/v1/projects/trail-instance/regions/us-central1/subnetworks/default",
                            "network_interface.0.subnetwork_project": "trail-instance",
                            "project": "trail-instance",
                            "scheduling.#": "1",
                            "scheduling.0.automatic_restart": "true",
                            "scheduling.0.node_affinities.#": "0",
                            "scheduling.0.on_host_maintenance": "MIGRATE",
                            "scheduling.0.preemptible": "false",
                            "scratch_disk.#": "0",
                            "self_link": "https://www.googleapis.com/compute/v1/projects/trail-instance/zones/us-central1-a/instances/automated-vm-2",
                            "service_account.#": "0",
                            "shielded_instance_config.#": "1",
                            "shielded_instance_config.0.enable_integrity_monitoring": "true",
                            "shielded_instance_config.0.enable_secure_boot": "false",
                            "shielded_instance_config.0.enable_vtpm": "true",
                            "tags.#": "1",
                            "tags.988335155": "http-server",
                            "tags_fingerprint": "FYLDgkTKlA4=",
                            "zone": "us-central1-a"
                        },
                        "meta": {
                            "e2bfb730-ecaa-11e6-8f88-34363bc7c4c0": {
                                "create": 1200000000000,
                                "delete": 1200000000000,
                                "update": 1200000000000
                            },
                            "schema_version": "6"
                        },
                        "tainted": false
                    },
                    "deposed": [],
                    "provider": "provider.google"
                },
                "google_compute_instance.default.2": {
                    "type": "google_compute_instance",
                    "depends_on": [],
                    "primary": {
                        "id": "automated-vm-3",
                        "attributes": {
                            "attached_disk.#": "0",
                            "boot_disk.#": "1",
                            "boot_disk.0.auto_delete": "true",
                            "boot_disk.0.device_name": "persistent-disk-0",
                            "boot_disk.0.disk_encryption_key_raw": "",
                            "boot_disk.0.disk_encryption_key_sha256": "",
                            "boot_disk.0.initialize_params.#": "1",
                            "boot_disk.0.initialize_params.0.image": "https://www.googleapis.com/compute/v1/projects/centos-cloud/global/images/centos-7-v20200420",
                            "boot_disk.0.initialize_params.0.labels.%": "0",
                            "boot_disk.0.initialize_params.0.size": "20",
                            "boot_disk.0.initialize_params.0.type": "pd-standard",
                            "boot_disk.0.kms_key_self_link": "",
                            "boot_disk.0.mode": "READ_WRITE",
                            "boot_disk.0.source": "https://www.googleapis.com/compute/v1/projects/trail-instance/zones/us-central1-a/disks/automated-vm-3",
                            "can_ip_forward": "false",
                            "cpu_platform": "Intel Haswell",
                            "deletion_protection": "false",
                            "description": "",
                            "enable_display": "false",
                            "guest_accelerator.#": "0",
                            "hostname": "",
                            "id": "automated-vm-3",
                            "instance_id": "325936660695808508",
                            "label_fingerprint": "42WmSpB8rSM=",
                            "labels.%": "0",
                            "machine_type": "f1-micro",
                            "metadata.%": "1",
                            "metadata.ssh-keys": "user1:ssh-rsa AAAAB3NzaC1yc2EAAAADAQABAAABAQC3+O+otlCel2x8b46pzeoZnC32B11Zmq9uskhc2vjVmnlRG3elErnYuNbQhsmbZ7wydtUxHobkO2rHFasYrCFOk3xzVOoIzHoSZY2kx4Q9Lv1tLokkjSKPLEzm+roIIIjiTW+JY3Ad92M65UOKBbFioywiPOoj5Kt9sgyny/aR93+Be+jEgO4HoVsupnPcHRQBqKccX5yJoOvgW9+47M1rN4tO33cynHS+uSFNDw2E/45Y44DFgOxOSzKpNdobExvl+PfmobWw5nrCUpJivEnfQ+z3guLpN8Yn4xV+ssiqV0sqGa3oM69JA6VXG+spJOIDtj3Q5Pp589gT8l+/d//R user1@t-with-j\n",
                            "metadata_fingerprint": "AyD4aexSRBQ=",
                            "metadata_startup_script": "",
                            "min_cpu_platform": "",
                            "name": "automated-vm-3",
                            "network_interface.#": "1",
                            "network_interface.0.access_config.#": "1",
                            "network_interface.0.access_config.0.assigned_nat_ip": "",
                            "network_interface.0.access_config.0.nat_ip": "34.71.173.132",
                            "network_interface.0.access_config.0.network_tier": "PREMIUM",
                            "network_interface.0.access_config.0.public_ptr_domain_name": "",
                            "network_interface.0.address": "",
                            "network_interface.0.alias_ip_range.#": "0",
                            "network_interface.0.name": "nic0",
                            "network_interface.0.network": "https://www.googleapis.com/compute/v1/projects/trail-instance/global/networks/default",
                            "network_interface.0.network_ip": "10.128.15.220",
                            "network_interface.0.subnetwork": "https://www.googleapis.com/compute/v1/projects/trail-instance/regions/us-central1/subnetworks/default",
                            "network_interface.0.subnetwork_project": "trail-instance",
                            "project": "trail-instance",
                            "scheduling.#": "1",
                            "scheduling.0.automatic_restart": "true",
                            "scheduling.0.node_affinities.#": "0",
                            "scheduling.0.on_host_maintenance": "MIGRATE",
                            "scheduling.0.preemptible": "false",
                            "scratch_disk.#": "0",
                            "self_link": "https://www.googleapis.com/compute/v1/projects/trail-instance/zones/us-central1-a/instances/automated-vm-3",
                            "service_account.#": "0",
                            "shielded_instance_config.#": "1",
                            "shielded_instance_config.0.enable_integrity_monitoring": "true",
                            "shielded_instance_config.0.enable_secure_boot": "false",
                            "shielded_instance_config.0.enable_vtpm": "true",
                            "tags.#": "1",
                            "tags.988335155": "http-server",
                            "tags_fingerprint": "FYLDgkTKlA4=",
                            "zone": "us-central1-a"
                        },
                        "meta": {
                            "e2bfb730-ecaa-11e6-8f88-34363bc7c4c0": {
                                "create": 1200000000000,
                                "delete": 1200000000000,
                                "update": 1200000000000
                            },
                            "schema_version": "6"
                        },
                        "tainted": false
                    },
                    "deposed": [],
                    "provider": "provider.google"
                }
            },
            "depends_on": []
        }
    ]
}
